{
  "name": "com.xytong",
  "lockfileVersion": 2,
  "requires": true,
  "packages": {
    "": {
      "dependencies": {
        "cloc": "^2.10.0"
      }
    },
    "node_modules/cloc": {
      "version": "2.10.0",
      "resolved": "https://registry.npmjs.org/cloc/-/cloc-2.10.0.tgz",
      "integrity": "sha512-iHYXbhKNF+Wy6TNxHozD8WkW0qbZ7WKecyFntyFron4BF4SOX6hp7HEuNJ8iVnjimnf3xpLd81kMwoRj2WiCoA==",
      "bin": {
        "cloc": "lib/cloc"
      }
    }
  },
  "dependencies": {
    "cloc": {
      "version": "2.10.0",
      "resolved": "https://registry.npmjs.org/cloc/-/cloc-2.10.0.tgz",
      "integrity": "sha512-iHYXbhKNF+Wy6TNxHozD8WkW0qbZ7WKecyFntyFron4BF4SOX6hp7HEuNJ8iVnjimnf3xpLd81kMwoRj2WiCoA=="
    }
  }
}
